
Microsoft Visual Studio Solution File, Format Version 12.00
Project("{FAE04EC0-301F-11D3-BF4B-00C04F79EFBC}") = "Server", "Server\Server.csproj", "{EBAA776E-D7CC-476A-BF1E-B5B001D46075}"
EndProject
Project("{FAE04EC0-301F-11D3-BF4B-00C04F79EFBC}") = "Client", "Client\Client.csproj", "{2B4206F9-90CB-4E13-A195-50DF03BC3653}"
EndProject
Global
	GlobalSection(SolutionConfigurationPlatforms) = preSolution
		Debug|Any CPU = Debug|Any CPU
		Release|Any CPU = Release|Any CPU
	EndGlobalSection
	GlobalSection(ProjectConfigurationPlatforms) = postSolution
		{EBAA776E-D7CC-476A-BF1E-B5B001D46075}.Debug|Any CPU.ActiveCfg = Debug|Any CPU
		{EBAA776E-D7CC-476A-BF1E-B5B001D46075}.Debug|Any CPU.Build.0 = Debug|Any CPU
		{EBAA776E-D7CC-476A-BF1E-B5B001D46075}.Release|Any CPU.ActiveCfg = Release|Any CPU
		{EBAA776E-D7CC-476A-BF1E-B5B001D46075}.Release|Any CPU.Build.0 = Release|Any CPU
		{2B4206F9-90CB-4E13-A195-50DF03BC3653}.Debug|Any CPU.ActiveCfg = Debug|Any CPU
		{2B4206F9-90CB-4E13-A195-50DF03BC3653}.Debug|Any CPU.Build.0 = Debug|Any CPU
		{2B4206F9-90CB-4E13-A195-50DF03BC3653}.Release|Any CPU.ActiveCfg = Release|Any CPU
		{2B4206F9-90CB-4E13-A195-50DF03BC3653}.Release|Any CPU.Build.0 = Release|Any CPU
	EndGlobalSection
EndGlobal
